
Microsoft Visual Studio Solution File, Format Version 12.00
# Visual Studio Version 17
VisualStudioVersion = 17.14.36401.2 d17.14
MinimumVisualStudioVersion = 10.0.40219.1
Project("{FAE04EC0-301F-11D3-BF4B-00C04F79EFBC}") = "Exercicio3prt2", "Exercicio3prt2\Exercicio3prt2.csproj", "{2987215B-4C7E-4FF8-A007-A34ED5B29CE4}"
EndProject
Global
	GlobalSection(SolutionConfigurationPlatforms) = preSolution
		Debug|Any CPU = Debug|Any CPU
		Release|Any CPU = Release|Any CPU
	EndGlobalSection
	GlobalSection(ProjectConfigurationPlatforms) = postSolution
		{2987215B-4C7E-4FF8-A007-A34ED5B29CE4}.Debug|Any CPU.ActiveCfg = Debug|Any CPU
		{2987215B-4C7E-4FF8-A007-A34ED5B29CE4}.Debug|Any CPU.Build.0 = Debug|Any CPU
		{2987215B-4C7E-4FF8-A007-A34ED5B29CE4}.Release|Any CPU.ActiveCfg = Release|Any CPU
		{2987215B-4C7E-4FF8-A007-A34ED5B29CE4}.Release|Any CPU.Build.0 = Release|Any CPU
	EndGlobalSection
	GlobalSection(SolutionProperties) = preSolution
		HideSolutionNode = FALSE
	EndGlobalSection
	GlobalSection(ExtensibilityGlobals) = postSolution
		SolutionGuid = {64866EEE-79A5-49B3-8434-7E20FC7ACE40}
	EndGlobalSection
EndGlobal
