
Microsoft Visual Studio Solution File, Format Version 12.00
# Visual Studio Version 17
VisualStudioVersion = 17.14.36401.2
MinimumVisualStudioVersion = 10.0.40219.1
Project("{FAE04EC0-301F-11D3-BF4B-00C04F79EFBC}") = "Exercicio3prt2", "Exercicio3prt2\Exercicio3prt2.csproj", "{2987215B-4C7E-4FF8-A007-A34ED5B29CE4}"
EndProject
Project("{F184B08F-C81C-45F6-A57F-5ABD9991F28F}") = "ConversorMoedas", "..\exercicio da aula\WindowsApp1\WindowsApp1\ConversorMoedas.vbproj", "{0E1FE387-2F65-4248-B2F3-954BAF748632}"
EndProject
Project("{911E67C6-3D85-4FCE-B560-20A9C3E3FF48}") = "WindowsApp1", "..\exercicio da aula\WindowsApp1\WindowsApp1\obj\Debug\WindowsApp1.exe", "{B56DD15A-1CBD-DFAD-36CE-0A53CD2ABCE5}"
	ProjectSection(DebuggerProjectSystem) = preProject
		PortSupplier = 00000000-0000-0000-0000-000000000000
		Executable = C:\Users\ASUS\source\repos\exercicio da aula\WindowsApp1\WindowsApp1\obj\Debug\WindowsApp1.exe
		RemoteMachine = SHELCIA
		StartingDirectory = C:\Users\ASUS\source\repos\exercicio da aula\WindowsApp1\WindowsApp1\obj\Debug
		Environment = Default
		LaunchingEngine = 00000000-0000-0000-0000-000000000000
		UseLegacyDebugEngines = No
		LaunchSQLEngine = No
		AttachLaunchAction = No
		IORedirection = Auto
	EndProjectSection
EndProject
Project("{FAE04EC0-301F-11D3-BF4B-00C04F79EFBC}") = "form2", "form2\form2.csproj", "{6EF70F2B-2E89-444B-9FB0-EE8E370DADDC}"
EndProject
Global
	GlobalSection(SolutionConfigurationPlatforms) = preSolution
		Debug|Any CPU = Debug|Any CPU
		Debug|x86 = Debug|x86
		Release|Any CPU = Release|Any CPU
		Release|x86 = Release|x86
	EndGlobalSection
	GlobalSection(ProjectConfigurationPlatforms) = postSolution
		{2987215B-4C7E-4FF8-A007-A34ED5B29CE4}.Debug|Any CPU.ActiveCfg = Debug|Any CPU
		{2987215B-4C7E-4FF8-A007-A34ED5B29CE4}.Debug|Any CPU.Build.0 = Debug|Any CPU
		{2987215B-4C7E-4FF8-A007-A34ED5B29CE4}.Debug|x86.ActiveCfg = Debug|Any CPU
		{2987215B-4C7E-4FF8-A007-A34ED5B29CE4}.Debug|x86.Build.0 = Debug|Any CPU
		{2987215B-4C7E-4FF8-A007-A34ED5B29CE4}.Release|Any CPU.ActiveCfg = Release|Any CPU
		{2987215B-4C7E-4FF8-A007-A34ED5B29CE4}.Release|Any CPU.Build.0 = Release|Any CPU
		{2987215B-4C7E-4FF8-A007-A34ED5B29CE4}.Release|x86.ActiveCfg = Release|Any CPU
		{2987215B-4C7E-4FF8-A007-A34ED5B29CE4}.Release|x86.Build.0 = Release|Any CPU
		{0E1FE387-2F65-4248-B2F3-954BAF748632}.Debug|Any CPU.ActiveCfg = Debug|Any CPU
		{0E1FE387-2F65-4248-B2F3-954BAF748632}.Debug|Any CPU.Build.0 = Debug|Any CPU
		{0E1FE387-2F65-4248-B2F3-954BAF748632}.Debug|x86.ActiveCfg = Debug|Any CPU
		{0E1FE387-2F65-4248-B2F3-954BAF748632}.Debug|x86.Build.0 = Debug|Any CPU
		{0E1FE387-2F65-4248-B2F3-954BAF748632}.Release|Any CPU.ActiveCfg = Release|Any CPU
		{0E1FE387-2F65-4248-B2F3-954BAF748632}.Release|Any CPU.Build.0 = Release|Any CPU
		{0E1FE387-2F65-4248-B2F3-954BAF748632}.Release|x86.ActiveCfg = Release|Any CPU
		{0E1FE387-2F65-4248-B2F3-954BAF748632}.Release|x86.Build.0 = Release|Any CPU
		{B56DD15A-1CBD-DFAD-36CE-0A53CD2ABCE5}.Debug|Any CPU.ActiveCfg = Release|x86
		{B56DD15A-1CBD-DFAD-36CE-0A53CD2ABCE5}.Debug|x86.ActiveCfg = Release|x86
		{B56DD15A-1CBD-DFAD-36CE-0A53CD2ABCE5}.Release|Any CPU.ActiveCfg = Release|x86
		{B56DD15A-1CBD-DFAD-36CE-0A53CD2ABCE5}.Release|x86.ActiveCfg = Release|x86
		{6EF70F2B-2E89-444B-9FB0-EE8E370DADDC}.Debug|Any CPU.ActiveCfg = Debug|Any CPU
		{6EF70F2B-2E89-444B-9FB0-EE8E370DADDC}.Debug|Any CPU.Build.0 = Debug|Any CPU
		{6EF70F2B-2E89-444B-9FB0-EE8E370DADDC}.Debug|x86.ActiveCfg = Debug|Any CPU
		{6EF70F2B-2E89-444B-9FB0-EE8E370DADDC}.Debug|x86.Build.0 = Debug|Any CPU
		{6EF70F2B-2E89-444B-9FB0-EE8E370DADDC}.Release|Any CPU.ActiveCfg = Release|Any CPU
		{6EF70F2B-2E89-444B-9FB0-EE8E370DADDC}.Release|Any CPU.Build.0 = Release|Any CPU
		{6EF70F2B-2E89-444B-9FB0-EE8E370DADDC}.Release|x86.ActiveCfg = Release|Any CPU
		{6EF70F2B-2E89-444B-9FB0-EE8E370DADDC}.Release|x86.Build.0 = Release|Any CPU
	EndGlobalSection
	GlobalSection(SolutionProperties) = preSolution
		HideSolutionNode = FALSE
	EndGlobalSection
	GlobalSection(ExtensibilityGlobals) = postSolution
		SolutionGuid = {64866EEE-79A5-49B3-8434-7E20FC7ACE40}
	EndGlobalSection
EndGlobal
